{
  "originHash" : "b434a2ff9ffe1645114ee96969435c1355ce31b18297a2f0ce5b02b85fe1ef4e",
  "pins" : [
    {
      "identity" : "tradeinframework",
      "kind" : "remoteSourceControl",
      "location" : "https://gitlab.com/bengidev/TradeInFramework.git",
      "state" : {
        "revision" : "618d72e53efbfc1b7ea92291fcf3426c4972edf0",
        "version" : "1.0.89"
      }
    }
  ],
  "version" : 3
}
