{
  "originHash" : "b434a2ff9ffe1645114ee96969435c1355ce31b18297a2f0ce5b02b85fe1ef4e",
  "pins" : [
    {
      "identity" : "tradeinframework",
      "kind" : "remoteSourceControl",
      "location" : "https://gitlab.com/bengidev/TradeInFramework.git",
      "state" : {
        "revision" : "f71e8e4e7f18b2f8a7a1267da2bc06ce5851cd0b",
        "version" : "1.0.88"
      }
    }
  ],
  "version" : 3
}
